# THIS IS AN AUTOGENERATED FILE. DO NOT EDIT THIS FILE DIRECTLY.
# yarn lockfile v1


acorn@^3.0.0:
  version "3.3.0"
  resolved "https://registry.yarnpkg.com/acorn/-/acorn-3.3.0.tgz#45e37fb39e8da3f25baee3ff5369e2bb5f22017a"

acorn@^5.0.0:
  version "5.1.2"
  resolved "https://registry.yarnpkg.com/acorn/-/acorn-5.1.2.tgz#911cb53e036807cf0fa778dc5d370fbd864246d7"

ansi-regex@^2.0.0:
  version "2.1.1"
  resolved "https://registry.yarnpkg.com/ansi-regex/-/ansi-regex-2.1.1.tgz#c3b33ab5ee360d86e0e628f0468ae7ef27d654df"

ansi-styles@^2.0.1, ansi-styles@^2.2.1:
  version "2.2.1"
  resolved "https://registry.yarnpkg.com/ansi-styles/-/ansi-styles-2.2.1.tgz#b432dd3358b634cf75e1e4664368240533c1ddbe"

array-iterate@^1.0.0:
  version "1.1.1"
  resolved "https://registry.yarnpkg.com/array-iterate/-/array-iterate-1.1.1.tgz#865bf7f8af39d6b0982c60902914ac76bc0108f6"

babel-runtime@^6.23.0:
  version "6.26.0"
  resolved "https://registry.yarnpkg.com/babel-runtime/-/babel-runtime-6.26.0.tgz#965c7058668e82b55d7bfe04ff2337bc8b5647fe"
  dependencies:
    core-js "^2.4.0"
    regenerator-runtime "^0.11.0"

bail@^1.0.0:
  version "1.0.2"
  resolved "https://registry.yarnpkg.com/bail/-/bail-1.0.2.tgz#f7d6c1731630a9f9f0d4d35ed1f962e2074a1764"

callsites@2.0.0:
  version "2.0.0"
  resolved "https://registry.yarnpkg.com/callsites/-/callsites-2.0.0.tgz#06eb84f00eea413da86affefacbffb36093b3c50"

chalk@^1.1.1:
  version "1.1.3"
  resolved "https://registry.yarnpkg.com/chalk/-/chalk-1.1.3.tgz#a8115c55e4a702fe4d150abd3872822a7e09fc98"
  dependencies:
    ansi-styles "^2.2.1"
    escape-string-regexp "^1.0.2"
    has-ansi "^2.0.0"
    strip-ansi "^3.0.0"
    supports-color "^2.0.0"

check-more-types@2.23.0:
  version "2.23.0"
  resolved "https://registry.yarnpkg.com/check-more-types/-/check-more-types-2.23.0.tgz#6226264d30b1095aa1c0a5b874edbdd5d2d0a66f"

check-more-types@2.24.0:
  version "2.24.0"
  resolved "https://registry.yarnpkg.com/check-more-types/-/check-more-types-2.24.0.tgz#1420ffb10fd444dcfc79b43891bbfffd32a84600"

collapse-white-space@^1.0.0:
  version "1.0.3"
  resolved "https://registry.yarnpkg.com/collapse-white-space/-/collapse-white-space-1.0.3.tgz#4b906f670e5a963a87b76b0e1689643341b6023c"

core-js@^2.4.0:
  version "2.5.1"
  resolved "https://registry.yarnpkg.com/core-js/-/core-js-2.5.1.tgz#ae6874dc66937789b80754ff5428df66819ca50b"

debug@2.6.1:
  version "2.6.1"
  resolved "https://registry.yarnpkg.com/debug/-/debug-2.6.1.tgz#79855090ba2c4e3115cc7d8769491d58f0491351"
  dependencies:
    ms "0.7.2"

debug@2.6.3:
  version "2.6.3"
  resolved "https://registry.yarnpkg.com/debug/-/debug-2.6.3.tgz#0f7eb8c30965ec08c72accfa0130c8b79984141d"
  dependencies:
    ms "0.7.2"

diff@^1.3.2:
  version "1.4.0"
  resolved "https://registry.yarnpkg.com/diff/-/diff-1.4.0.tgz#7f28d2eb9ee7b15a97efd89ce63dcfdaa3ccbabf"

disparity@2.0.0:
  version "2.0.0"
  resolved "https://registry.yarnpkg.com/disparity/-/disparity-2.0.0.tgz#57ddacb47324ae5f58d2cc0da886db4ce9eeb718"
  dependencies:
    ansi-styles "^2.0.1"
    diff "^1.3.2"

escape-quotes@1.0.2:
  version "1.0.2"
  resolved "https://registry.yarnpkg.com/escape-quotes/-/escape-quotes-1.0.2.tgz#b4896d4a6cf82dd5b33f49b713408c6380f6cd97"
  dependencies:
    escape-string-regexp "^1.0.5"

escape-string-regexp@^1.0.2, escape-string-regexp@^1.0.5:
  version "1.0.5"
  resolved "https://registry.yarnpkg.com/escape-string-regexp/-/escape-string-regexp-1.0.5.tgz#1b61c0562190a8dff6ae3bb2cf0200ca130b86d4"

extend@^3.0.0:
  version "3.0.1"
  resolved "https://registry.yarnpkg.com/extend/-/extend-3.0.1.tgz#a755ea7bc1adfcc5a31ce7e762dbaadc5e636444"

falafel@2.0.0:
  version "2.0.0"
  resolved "https://registry.yarnpkg.com/falafel/-/falafel-2.0.0.tgz#757d47c53598203bedc55dc2f8015f43b82d58b0"
  dependencies:
    acorn "^3.0.0"
    foreach "^2.0.5"
    isarray "0.0.1"
    object-keys "^1.0.6"

falafel@2.1.0:
  version "2.1.0"
  resolved "https://registry.yarnpkg.com/falafel/-/falafel-2.1.0.tgz#96bb17761daba94f46d001738b3cedf3a67fe06c"
  dependencies:
    acorn "^5.0.0"
    foreach "^2.0.5"
    isarray "0.0.1"
    object-keys "^1.0.6"

find-test-caller@1.0.2:
  version "1.0.2"
  resolved "https://registry.yarnpkg.com/find-test-caller/-/find-test-caller-1.0.2.tgz#db3ce6f78f39390e7e8c0b661ff166be49821c24"
  dependencies:
    check-more-types "2.23.0"
    debug "2.6.1"
    falafel "2.0.0"
    lazy-ass "1.5.0"

foreach@^2.0.5:
  version "2.0.5"
  resolved "https://registry.yarnpkg.com/foreach/-/foreach-2.0.5.tgz#0bee005018aeb260d0a3af3ae658dd0136ec1b99"

has-ansi@^2.0.0:
  version "2.0.0"
  resolved "https://registry.yarnpkg.com/has-ansi/-/has-ansi-2.0.0.tgz#34f5049ce1ecdf2b0649af3ef24e45ed35416d91"
  dependencies:
    ansi-regex "^2.0.0"

hast-util-embedded@^1.0.0:
  version "1.0.0"
  resolved "https://registry.yarnpkg.com/hast-util-embedded/-/hast-util-embedded-1.0.0.tgz#49d6114b40933a9d0bd708a3b012378f2cd6e86c"
  dependencies:
    hast-util-is-element "^1.0.0"

hast-util-has-property@^1.0.0:
  version "1.0.0"
  resolved "https://registry.yarnpkg.com/hast-util-has-property/-/hast-util-has-property-1.0.0.tgz#211f9d7f7640898244a33f5d16f5c5d1880c8e40"

hast-util-is-body-ok-link@^1.0.0:
  version "1.0.1"
  resolved "https://registry.yarnpkg.com/hast-util-is-body-ok-link/-/hast-util-is-body-ok-link-1.0.1.tgz#f5d8893f4f21fa1ae51c059ac29abdbc8e6e6046"
  dependencies:
    hast-util-has-property "^1.0.0"
    hast-util-is-element "^1.0.0"

hast-util-is-element@^1.0.0:
  version "1.0.0"
  resolved "https://registry.yarnpkg.com/hast-util-is-element/-/hast-util-is-element-1.0.0.tgz#3f7216978b2ae14d98749878782675f33be3ce00"

html-whitespace-sensitive-tag-names@^1.0.0:
  version "1.0.0"
  resolved "https://registry.yarnpkg.com/html-whitespace-sensitive-tag-names/-/html-whitespace-sensitive-tag-names-1.0.0.tgz#fd6ed3a3d631ce29341aefe26a8fea720d3adfa7"

is-buffer@^1.1.4:
  version "1.1.5"
  resolved "https://registry.yarnpkg.com/is-buffer/-/is-buffer-1.1.5.tgz#1f3b26ef613b214b88cbca23cc6c01d87961eecc"

is-plain-obj@^1.1.0:
  version "1.1.0"
  resolved "https://registry.yarnpkg.com/is-plain-obj/-/is-plain-obj-1.1.0.tgz#71a50c8429dfca773c92a390a4a03b39fcd51d3e"

isarray@0.0.1:
  version "0.0.1"
  resolved "https://registry.yarnpkg.com/isarray/-/isarray-0.0.1.tgz#8a18acfca9a8f4177e09abfc6038939b05d1eedf"

lazy-ass@1.5.0:
  version "1.5.0"
  resolved "https://registry.yarnpkg.com/lazy-ass/-/lazy-ass-1.5.0.tgz#ca15be243c7c475b8565cdbfa0f9c2f374f2a01d"

lazy-ass@1.6.0:
  version "1.6.0"
  resolved "https://registry.yarnpkg.com/lazy-ass/-/lazy-ass-1.6.0.tgz#7999655e8646c17f089fdd187d150d3324d54513"

minimist@0.0.8:
  version "0.0.8"
  resolved "https://registry.yarnpkg.com/minimist/-/minimist-0.0.8.tgz#857fcabfc3397d2625b8228262e86aa7a011b05d"

mkdirp@0.5.1:
  version "0.5.1"
  resolved "https://registry.yarnpkg.com/mkdirp/-/mkdirp-0.5.1.tgz#30057438eac6cf7f8c4767f38648d6697d75c903"
  dependencies:
    minimist "0.0.8"

ms@0.7.2:
  version "0.7.2"
  resolved "https://registry.yarnpkg.com/ms/-/ms-0.7.2.tgz#ae25cf2512b3885a1d95d7f037868d8431124765"

object-assign@^4.0.1:
  version "4.1.1"
  resolved "https://registry.yarnpkg.com/object-assign/-/object-assign-4.1.1.tgz#2109adc7965887cfc05cbbd442cac8bfbb360863"

object-keys@^1.0.6:
  version "1.0.11"
  resolved "https://registry.yarnpkg.com/object-keys/-/object-keys-1.0.11.tgz#c54601778ad560f1142ce0e01bcca8b56d13426d"

regenerator-runtime@^0.11.0:
  version "0.11.0"
  resolved "https://registry.yarnpkg.com/regenerator-runtime/-/regenerator-runtime-0.11.0.tgz#7e54fe5b5ccd5d6624ea6255c3473be090b802e1"

rehype-minify-whitespace@^2.0.0:
  version "2.0.3"
  resolved "https://registry.yarnpkg.com/rehype-minify-whitespace/-/rehype-minify-whitespace-2.0.3.tgz#9aef3b73d0dfbcf890844d10d8f45fd5bdf145ec"
  dependencies:
    collapse-white-space "^1.0.0"
    hast-util-embedded "^1.0.0"
    hast-util-has-property "^1.0.0"
    hast-util-is-body-ok-link "^1.0.0"
    hast-util-is-element "^1.0.0"
    html-whitespace-sensitive-tag-names "^1.0.0"
    unist-util-is "^2.0.0"
    unist-util-modify-children "^1.0.0"

replace-ext@1.0.0:
  version "1.0.0"
  resolved "https://registry.yarnpkg.com/replace-ext/-/replace-ext-1.0.0.tgz#de63128373fcbf7c3ccfa4de5a480c45a67958eb"

snap-shot-core@1.3.0:
  version "1.3.0"
  resolved "https://registry.yarnpkg.com/snap-shot-core/-/snap-shot-core-1.3.0.tgz#b8e25f73ce08cf550711662166a44b977545620a"
  dependencies:
    check-more-types "2.24.0"
    debug "2.6.3"
    escape-quotes "1.0.2"
    lazy-ass "1.6.0"
    mkdirp "0.5.1"

snap-shot@^2.17.0:
  version "2.17.0"
  resolved "https://registry.yarnpkg.com/snap-shot/-/snap-shot-2.17.0.tgz#0a851542f6ac7aff07cbac90470345a958872903"
  dependencies:
    callsites "2.0.0"
    check-more-types "2.24.0"
    debug "2.6.3"
    disparity "2.0.0"
    falafel "2.1.0"
    find-test-caller "1.0.2"
    lazy-ass "1.6.0"
    mkdirp "0.5.1"
    snap-shot-core "1.3.0"
    stack-sites "1.4.1"
    variable-diff "1.1.0"

stack-sites@1.4.1:
  version "1.4.1"
  resolved "https://registry.yarnpkg.com/stack-sites/-/stack-sites-1.4.1.tgz#fdeeced4472e4bfad02d5e05e5de4b39bb081e02"
  dependencies:
    check-more-types "2.23.0"
    debug "2.6.3"
    lazy-ass "1.5.0"

strip-ansi@^3.0.0:
  version "3.0.1"
  resolved "https://registry.yarnpkg.com/strip-ansi/-/strip-ansi-3.0.1.tgz#6a385fb8853d952d5ff05d0e8aaf94278dc63dcf"
  dependencies:
    ansi-regex "^2.0.0"

supports-color@^2.0.0:
  version "2.0.0"
  resolved "https://registry.yarnpkg.com/supports-color/-/supports-color-2.0.0.tgz#535d045ce6b6363fa40117084629995e9df324c7"

trough@^1.0.0:
  version "1.0.1"
  resolved "https://registry.yarnpkg.com/trough/-/trough-1.0.1.tgz#a9fd8b0394b0ae8fff82e0633a0a36ccad5b5f86"

unified@^6.1.2:
  version "6.1.5"
  resolved "https://registry.yarnpkg.com/unified/-/unified-6.1.5.tgz#716937872621a63135e62ced2f3ac6a063c6fb87"
  dependencies:
    bail "^1.0.0"
    extend "^3.0.0"
    is-plain-obj "^1.1.0"
    trough "^1.0.0"
    vfile "^2.0.0"
    x-is-function "^1.0.4"
    x-is-string "^0.1.0"

unist-util-is@^2.0.0:
  version "2.1.1"
  resolved "https://registry.yarnpkg.com/unist-util-is/-/unist-util-is-2.1.1.tgz#0c312629e3f960c66e931e812d3d80e77010947b"

unist-util-modify-children@^1.0.0:
  version "1.1.1"
  resolved "https://registry.yarnpkg.com/unist-util-modify-children/-/unist-util-modify-children-1.1.1.tgz#66d7e6a449e6f67220b976ab3cb8b5ebac39e51d"
  dependencies:
    array-iterate "^1.0.0"

unist-util-stringify-position@^1.0.0:
  version "1.1.1"
  resolved "https://registry.yarnpkg.com/unist-util-stringify-position/-/unist-util-stringify-position-1.1.1.tgz#3ccbdc53679eed6ecf3777dd7f5e3229c1b6aa3c"

variable-diff@1.1.0:
  version "1.1.0"
  resolved "https://registry.yarnpkg.com/variable-diff/-/variable-diff-1.1.0.tgz#d2bd5c66db76c13879d96e6a306edc989df978da"
  dependencies:
    chalk "^1.1.1"
    object-assign "^4.0.1"

vfile@^2.0.0:
  version "2.2.0"
  resolved "https://registry.yarnpkg.com/vfile/-/vfile-2.2.0.tgz#ce47a4fb335922b233e535db0f7d8121d8fced4e"
  dependencies:
    is-buffer "^1.1.4"
    replace-ext "1.0.0"
    unist-util-stringify-position "^1.0.0"

x-is-function@^1.0.4:
  version "1.0.4"
  resolved "https://registry.yarnpkg.com/x-is-function/-/x-is-function-1.0.4.tgz#5d294dc3d268cbdd062580e0c5df77a391d1fa1e"

x-is-string@^0.1.0:
  version "0.1.0"
  resolved "https://registry.yarnpkg.com/x-is-string/-/x-is-string-0.1.0.tgz#474b50865af3a49a9c4657f05acd145458f77d82"
