# THIS IS AN AUTOGENERATED FILE. DO NOT EDIT THIS FILE DIRECTLY.
# yarn lockfile v1


"@protobufjs/aspromise@^1.1.1":
  version "1.1.2"
  resolved "https://registry.yarnpkg.com/@protobufjs/aspromise/-/aspromise-1.1.2.tgz#9b8b0cc663d669a7d8f6f5d0893a14d348f30fbf"

"@protobufjs/base64@^1.1.1":
  version "1.1.1"
  resolved "https://registry.yarnpkg.com/@protobufjs/base64/-/base64-1.1.1.tgz#8f10115d2b1ac2c25f3602e55eba708e56bcd2bb"

"@protobufjs/codegen@^1.0.8":
  version "1.0.8"
  resolved "https://registry.yarnpkg.com/@protobufjs/codegen/-/codegen-1.0.8.tgz#d29e3d48a9445d77ccbffa420379b29dc37c6d7d"

"@protobufjs/eventemitter@^1.1.0":
  version "1.1.0"
  resolved "https://registry.yarnpkg.com/@protobufjs/eventemitter/-/eventemitter-1.1.0.tgz#355cbc98bafad5978f9ed095f397621f1d066b70"

"@protobufjs/fetch@^1.1.0":
  version "1.1.0"
  resolved "https://registry.yarnpkg.com/@protobufjs/fetch/-/fetch-1.1.0.tgz#ba99fb598614af65700c1619ff06d454b0d84c45"
  dependencies:
    "@protobufjs/aspromise" "^1.1.1"
    "@protobufjs/inquire" "^1.1.0"

"@protobufjs/float@^1.0.2":
  version "1.0.2"
  resolved "https://registry.yarnpkg.com/@protobufjs/float/-/float-1.0.2.tgz#5e9e1abdcb73fc0a7cb8b291df78c8cbd97b87d1"

"@protobufjs/inquire@^1.1.0":
  version "1.1.0"
  resolved "https://registry.yarnpkg.com/@protobufjs/inquire/-/inquire-1.1.0.tgz#ff200e3e7cf2429e2dcafc1140828e8cc638f089"

"@protobufjs/path@^1.1.2":
  version "1.1.2"
  resolved "https://registry.yarnpkg.com/@protobufjs/path/-/path-1.1.2.tgz#6cc2b20c5c9ad6ad0dccfd21ca7673d8d7fbf68d"

"@protobufjs/pool@^1.1.0":
  version "1.1.0"
  resolved "https://registry.yarnpkg.com/@protobufjs/pool/-/pool-1.1.0.tgz#09fd15f2d6d3abfa9b65bc366506d6ad7846ff54"

"@protobufjs/utf8@^1.1.0":
  version "1.1.0"
  resolved "https://registry.yarnpkg.com/@protobufjs/utf8/-/utf8-1.1.0.tgz#a777360b5b39a1a2e5106f8e858f2fd2d060c570"

"@statechart/compiler-engine@^0.1.3":
  version "0.1.3"
  resolved "https://registry.yarnpkg.com/@statechart/compiler-engine/-/compiler-engine-0.1.3.tgz#5992aa2b4b09c410b76aae89847fbef6632f21b0"
  dependencies:
    "@statechart/hast-scxml-lint" "^0.1.3"
    "@statechart/hast-to-scast" "^0.1.2"
    "@statechart/hast-xml-parse" "^0.1.1"
    "@statechart/scast-analyze" "^0.1.3"
    "@statechart/scast-datamodel" "^0.1.3"
    "@statechart/scast-to-scexe" "^0.1.1"
    rehype-minify-whitespace "^2.0.0"
    unified "^6.1.2"

"@statechart/hast-scxml-lint@^0.1.3":
  version "0.1.3"
  resolved "https://registry.yarnpkg.com/@statechart/hast-scxml-lint/-/hast-scxml-lint-0.1.3.tgz#60e16d3addec59f24da9f9c70149eb215965d57d"
  dependencies:
    unist-util-visit "^1.1.1"

"@statechart/hast-to-scast@^0.1.2":
  version "0.1.4"
  resolved "https://registry.yarnpkg.com/@statechart/hast-to-scast/-/hast-to-scast-0.1.4.tgz#62532be2c5e5309929400b33c3800bd3e9e0f1e5"
  dependencies:
    unist-util-map "^1.0.3"

"@statechart/hast-xml-parse@^0.1.1":
  version "0.1.3"
  resolved "https://registry.yarnpkg.com/@statechart/hast-xml-parse/-/hast-xml-parse-0.1.3.tgz#b94eeb2ae97a18a84025adce69ec5c4deb85dc60"
  dependencies:
    parse5 "^3.0.2"
    vfile-location "^2.0.1"

"@statechart/interpreter-document@^0.1.3":
  version "0.1.3"
  resolved "https://registry.yarnpkg.com/@statechart/interpreter-document/-/interpreter-document-0.1.3.tgz#8d7473b7465876a693e44c1b75b1a6c855ae72e6"
  dependencies:
    escape-string-regexp "^1.0.5"

"@statechart/interpreter-microstep@^0.1.3":
  version "0.1.4"
  resolved "https://registry.yarnpkg.com/@statechart/interpreter-microstep/-/interpreter-microstep-0.1.4.tgz#1616d3d7248250bd99fb1a6474b298ff895de032"

"@statechart/scast-analyze@^0.1.3":
  version "0.1.3"
  resolved "https://registry.yarnpkg.com/@statechart/scast-analyze/-/scast-analyze-0.1.3.tgz#a5ed7df4e15e27639f5150e94008f86c1343d7dd"
  dependencies:
    unist-util-transform "^1.0.1"
    unist-util-transform-group "^1.0.1"
    unist-util-transform-stack "^1.0.0"

"@statechart/scast-datamodel@^0.1.3":
  version "0.1.3"
  resolved "https://registry.yarnpkg.com/@statechart/scast-datamodel/-/scast-datamodel-0.1.3.tgz#d90dbbd7ed762d2b4d640384fba19e896e9ec2ee"
  dependencies:
    unist-util-transform "^1.0.1"
    unist-util-transform-stack "^1.0.0"

"@statechart/scast-to-scexe@^0.1.1":
  version "0.1.5"
  resolved "https://registry.yarnpkg.com/@statechart/scast-to-scexe/-/scast-to-scexe-0.1.5.tgz#a3f8a69411883af9dde45c9e44418a8c57653f62"
  dependencies:
    "@statechart/scpb" "^0.1.2"
    unist-util-transform "*"
    unist-util-transform-group "*"
    unist-util-transform-stack "*"

"@statechart/scpb-bitset@^0.1.2":
  version "0.1.2"
  resolved "https://registry.yarnpkg.com/@statechart/scpb-bitset/-/scpb-bitset-0.1.2.tgz#0401da64e404943acb04a7f860e83c6873e9a7df"

"@statechart/scpb@^0.1.2":
  version "0.1.2"
  resolved "https://registry.yarnpkg.com/@statechart/scpb/-/scpb-0.1.2.tgz#7ef08cb8f86c177a82ee3aaa71c2d392384fa52b"
  dependencies:
    "@statechart/scpb-bitset" "^0.1.2"
    protobufjs "^6.7.3"

"@types/long@^3.0.31":
  version "3.0.31"
  resolved "https://registry.yarnpkg.com/@types/long/-/long-3.0.31.tgz#08635b0d0d322676940c1a88a7a9cef661c6f34a"

"@types/node@7.0.12":
  version "7.0.12"
  resolved "https://registry.yarnpkg.com/@types/node/-/node-7.0.12.tgz#ae5f67a19c15f752148004db07cbbb372e69efc9"

"@types/node@^6.0.46":
  version "6.0.73"
  resolved "https://registry.yarnpkg.com/@types/node/-/node-6.0.73.tgz#85dc4bb6f125377c75ddd2519a1eeb63f0a4ed70"

array-iterate@^1.0.0:
  version "1.1.0"
  resolved "https://registry.yarnpkg.com/array-iterate/-/array-iterate-1.1.0.tgz#4f13148ffffa5f2756b50460e5eac8eed31a14e6"
  dependencies:
    has "^1.0.1"

bail@^1.0.0:
  version "1.0.1"
  resolved "https://registry.yarnpkg.com/bail/-/bail-1.0.1.tgz#912579de8b391aadf3c5fdf4cd2a0fc225df3bc2"

cancelable-promise@^2.2.0:
  version "2.2.0"
  resolved "https://registry.yarnpkg.com/cancelable-promise/-/cancelable-promise-2.2.0.tgz#1b541db05efff727cb44833103c172ccb42f95e0"

collapse-white-space@^1.0.0:
  version "1.0.2"
  resolved "https://registry.yarnpkg.com/collapse-white-space/-/collapse-white-space-1.0.2.tgz#9c463fb9c6d190d2dcae21a356a01bcae9eeef6d"

escape-string-regexp@^1.0.5:
  version "1.0.5"
  resolved "https://registry.yarnpkg.com/escape-string-regexp/-/escape-string-regexp-1.0.5.tgz#1b61c0562190a8dff6ae3bb2cf0200ca130b86d4"

extend@^3.0.0:
  version "3.0.1"
  resolved "https://registry.yarnpkg.com/extend/-/extend-3.0.1.tgz#a755ea7bc1adfcc5a31ce7e762dbaadc5e636444"

function-bind@^1.0.2:
  version "1.1.0"
  resolved "https://registry.yarnpkg.com/function-bind/-/function-bind-1.1.0.tgz#16176714c801798e4e8f2cf7f7529467bb4a5771"

has@^1.0.1:
  version "1.0.1"
  resolved "https://registry.yarnpkg.com/has/-/has-1.0.1.tgz#8461733f538b0837c9361e39a9ab9e9704dc2f28"
  dependencies:
    function-bind "^1.0.2"

hast-util-embedded@^1.0.0:
  version "1.0.0"
  resolved "https://registry.yarnpkg.com/hast-util-embedded/-/hast-util-embedded-1.0.0.tgz#49d6114b40933a9d0bd708a3b012378f2cd6e86c"
  dependencies:
    hast-util-is-element "^1.0.0"

hast-util-has-property@^1.0.0:
  version "1.0.0"
  resolved "https://registry.yarnpkg.com/hast-util-has-property/-/hast-util-has-property-1.0.0.tgz#211f9d7f7640898244a33f5d16f5c5d1880c8e40"

hast-util-is-body-ok-link@^1.0.0:
  version "1.0.0"
  resolved "https://registry.yarnpkg.com/hast-util-is-body-ok-link/-/hast-util-is-body-ok-link-1.0.0.tgz#2748245d7c10911fdca94589ca84653272c1c0e5"
  dependencies:
    hast-util-has-property "^1.0.0"
    hast-util-is-element "^1.0.0"

hast-util-is-element@^1.0.0:
  version "1.0.0"
  resolved "https://registry.yarnpkg.com/hast-util-is-element/-/hast-util-is-element-1.0.0.tgz#3f7216978b2ae14d98749878782675f33be3ce00"

html-whitespace-sensitive-tag-names@^1.0.0:
  version "1.0.0"
  resolved "https://registry.yarnpkg.com/html-whitespace-sensitive-tag-names/-/html-whitespace-sensitive-tag-names-1.0.0.tgz#fd6ed3a3d631ce29341aefe26a8fea720d3adfa7"

is-buffer@^1.1.4:
  version "1.1.5"
  resolved "https://registry.yarnpkg.com/is-buffer/-/is-buffer-1.1.5.tgz#1f3b26ef613b214b88cbca23cc6c01d87961eecc"

is-plain-obj@^1.1.0:
  version "1.1.0"
  resolved "https://registry.yarnpkg.com/is-plain-obj/-/is-plain-obj-1.1.0.tgz#71a50c8429dfca773c92a390a4a03b39fcd51d3e"

long@^3.2.0:
  version "3.2.0"
  resolved "https://registry.yarnpkg.com/long/-/long-3.2.0.tgz#d821b7138ca1cb581c172990ef14db200b5c474b"

object-assign@^4.0.1:
  version "4.1.1"
  resolved "https://registry.yarnpkg.com/object-assign/-/object-assign-4.1.1.tgz#2109adc7965887cfc05cbbd442cac8bfbb360863"

parse-duration@^0.1.1:
  version "0.1.1"
  resolved "https://registry.yarnpkg.com/parse-duration/-/parse-duration-0.1.1.tgz#13114ddc9891c1ecd280036244554de43647a226"

parse5@^3.0.2:
  version "3.0.2"
  resolved "https://registry.yarnpkg.com/parse5/-/parse5-3.0.2.tgz#05eff57f0ef4577fb144a79f8b9a967a6cc44510"
  dependencies:
    "@types/node" "^6.0.46"

protobufjs@^6.7.3:
  version "6.7.3"
  resolved "https://registry.yarnpkg.com/protobufjs/-/protobufjs-6.7.3.tgz#9270aa5d75dfe4d37df1dec87c444a72140d0e1c"
  dependencies:
    "@protobufjs/aspromise" "^1.1.1"
    "@protobufjs/base64" "^1.1.1"
    "@protobufjs/codegen" "^1.0.8"
    "@protobufjs/eventemitter" "^1.1.0"
    "@protobufjs/fetch" "^1.1.0"
    "@protobufjs/float" "^1.0.2"
    "@protobufjs/inquire" "^1.1.0"
    "@protobufjs/path" "^1.1.2"
    "@protobufjs/pool" "^1.1.0"
    "@protobufjs/utf8" "^1.1.0"
    "@types/long" "^3.0.31"
    "@types/node" "7.0.12"
    long "^3.2.0"

rehype-minify-whitespace@^2.0.0:
  version "2.0.0"
  resolved "https://registry.yarnpkg.com/rehype-minify-whitespace/-/rehype-minify-whitespace-2.0.0.tgz#30d83de99bc0adc59accd889223fe511921c6045"
  dependencies:
    collapse-white-space "^1.0.0"
    hast-util-embedded "^1.0.0"
    hast-util-has-property "^1.0.0"
    hast-util-is-body-ok-link "^1.0.0"
    hast-util-is-element "^1.0.0"
    html-whitespace-sensitive-tag-names "^1.0.0"
    unist-util-is "^2.0.0"
    unist-util-modify-children "^1.0.0"

replace-ext@1.0.0:
  version "1.0.0"
  resolved "https://registry.yarnpkg.com/replace-ext/-/replace-ext-1.0.0.tgz#de63128373fcbf7c3ccfa4de5a480c45a67958eb"

trough@^1.0.0:
  version "1.0.0"
  resolved "https://registry.yarnpkg.com/trough/-/trough-1.0.0.tgz#6bdedfe7f2aa49a6f3c432257687555957f342fd"

unified@^6.1.2:
  version "6.1.4"
  resolved "https://registry.yarnpkg.com/unified/-/unified-6.1.4.tgz#12d7a4ec35986c4a2fa0815cdfdec4be0245fca2"
  dependencies:
    bail "^1.0.0"
    extend "^3.0.0"
    has "^1.0.1"
    is-plain-obj "^1.1.0"
    trough "^1.0.0"
    vfile "^2.0.0"
    x-is-function "^1.0.4"
    x-is-string "^0.1.0"

unist-util-is@^2.0.0:
  version "2.0.0"
  resolved "https://registry.yarnpkg.com/unist-util-is/-/unist-util-is-2.0.0.tgz#e536472c4f78739e164d0859fc3201b97cf46e7c"

unist-util-map@^1.0.3:
  version "1.0.3"
  resolved "https://registry.yarnpkg.com/unist-util-map/-/unist-util-map-1.0.3.tgz#26a913d7cddb3cd3e9a886d135d37a3d1f54e514"
  dependencies:
    object-assign "^4.0.1"

unist-util-modify-children@^1.0.0:
  version "1.1.0"
  resolved "https://registry.yarnpkg.com/unist-util-modify-children/-/unist-util-modify-children-1.1.0.tgz#559203ae85d7a76283277be1abfbaf595a177ead"
  dependencies:
    array-iterate "^1.0.0"

unist-util-stringify-position@^1.0.0:
  version "1.1.0"
  resolved "https://registry.yarnpkg.com/unist-util-stringify-position/-/unist-util-stringify-position-1.1.0.tgz#e8ba9d6b6af891b5f8336b3a31c63a9dc85c2af0"
  dependencies:
    has "^1.0.1"

unist-util-transform-group@*, unist-util-transform-group@^1.0.1:
  version "1.0.3"
  resolved "https://registry.yarnpkg.com/unist-util-transform-group/-/unist-util-transform-group-1.0.3.tgz#ac6e42a151a2d592b61570bdbd7b595e3eb5e43f"
  dependencies:
    unist-util-transform "^1.0.0"

unist-util-transform-stack@*, unist-util-transform-stack@^1.0.0:
  version "1.0.0"
  resolved "https://registry.yarnpkg.com/unist-util-transform-stack/-/unist-util-transform-stack-1.0.0.tgz#acda9056ee4e2d3500043a888d981929b91e30f0"

unist-util-transform@*, unist-util-transform@^1.0.0, unist-util-transform@^1.0.1:
  version "1.0.3"
  resolved "https://registry.yarnpkg.com/unist-util-transform/-/unist-util-transform-1.0.3.tgz#80f949eb12cf647e7e72c58aa0ff3af5c9c504c0"

unist-util-visit@^1.1.1:
  version "1.1.1"
  resolved "https://registry.yarnpkg.com/unist-util-visit/-/unist-util-visit-1.1.1.tgz#e917a3b137658b335cb4420c7da2e74d928e4e94"

vfile-location@^2.0.1:
  version "2.0.1"
  resolved "https://registry.yarnpkg.com/vfile-location/-/vfile-location-2.0.1.tgz#0bf8816f732b0f8bd902a56fda4c62c8e935dc52"

vfile@^2.0.0:
  version "2.0.1"
  resolved "https://registry.yarnpkg.com/vfile/-/vfile-2.0.1.tgz#bd48e68e8a2322dff0d162a37f45e70d9bb30466"
  dependencies:
    has "^1.0.1"
    is-buffer "^1.1.4"
    replace-ext "1.0.0"
    unist-util-stringify-position "^1.0.0"
    x-is-string "^0.1.0"

x-is-function@^1.0.4:
  version "1.0.4"
  resolved "https://registry.yarnpkg.com/x-is-function/-/x-is-function-1.0.4.tgz#5d294dc3d268cbdd062580e0c5df77a391d1fa1e"

x-is-string@^0.1.0:
  version "0.1.0"
  resolved "https://registry.yarnpkg.com/x-is-string/-/x-is-string-0.1.0.tgz#474b50865af3a49a9c4657f05acd145458f77d82"
