# THIS IS AN AUTOGENERATED FILE. DO NOT EDIT THIS FILE DIRECTLY.
# yarn lockfile v1


babel-runtime@^6.23.0:
  version "6.23.0"
  resolved "https://registry.yarnpkg.com/babel-runtime/-/babel-runtime-6.23.0.tgz#0a9489f144de70efb3ce4300accdb329e2fc543b"
  dependencies:
    core-js "^2.4.0"
    regenerator-runtime "^0.10.0"

core-js@^2.4.0:
  version "2.4.1"
  resolved "https://registry.yarnpkg.com/core-js/-/core-js-2.4.1.tgz#4de911e667b0eae9124e34254b53aea6fc618d3e"

jsverify@^0.8.2:
  version "0.8.2"
  resolved "https://registry.yarnpkg.com/jsverify/-/jsverify-0.8.2.tgz#9c7daa72cc1b1542cc8a53af78b42ef5f5293a38"
  dependencies:
    lazy-seq "^1.0.0"
    rc4 "~0.1.5"
    trampa "^1.0.0"
    typify-parser "^1.1.0"

lazy-seq@^1.0.0:
  version "1.0.0"
  resolved "https://registry.yarnpkg.com/lazy-seq/-/lazy-seq-1.0.0.tgz#880cb8aab256026382e02f53ec089682a74c5b6a"

rc4@~0.1.5:
  version "0.1.5"
  resolved "https://registry.yarnpkg.com/rc4/-/rc4-0.1.5.tgz#08c6e04a0168f6eb621c22ab6cb1151bd9f4a64d"

regenerator-runtime@^0.10.0:
  version "0.10.5"
  resolved "https://registry.yarnpkg.com/regenerator-runtime/-/regenerator-runtime-0.10.5.tgz#336c3efc1220adcedda2c9fab67b5a7955a33658"

trampa@^1.0.0:
  version "1.0.0"
  resolved "https://registry.yarnpkg.com/trampa/-/trampa-1.0.0.tgz#5247347ac334807fa6c0000444cb91b639840ad5"

typify-parser@^1.1.0:
  version "1.1.0"
  resolved "https://registry.yarnpkg.com/typify-parser/-/typify-parser-1.1.0.tgz#ac73bfa5f25343468e2d0f3346c6117bc03d3c99"
