{
  "requires": true,
  "lockfileVersion": 1,
  "dependencies": {
    "babel-runtime": {
      "version": "6.26.0",
      "resolved": "https://registry.npmjs.org/babel-runtime/-/babel-runtime-6.26.0.tgz",
      "integrity": "sha1-llxwWGaOgrVde/4E/yM3vItWR/4=",
      "requires": {
        "core-js": "2.5.1",
        "regenerator-runtime": "0.11.0"
      },
      "dependencies": {
        "core-js": {
          "version": "2.5.1",
          "resolved": "https://registry.npmjs.org/core-js/-/core-js-2.5.1.tgz",
          "integrity": "sha1-rmh03GaTd4m4B1T/VCjfZoGcpQs="
        },
        "regenerator-runtime": {
          "version": "0.11.0",
          "resolved": "https://registry.npmjs.org/regenerator-runtime/-/regenerator-runtime-0.11.0.tgz",
          "integrity": "sha512-/aA0kLeRb5N9K0d4fw7ooEbI+xDe+DKD499EQqygGqeS8N3xto15p09uY2xj7ixP81sNPXvRLnAQIqdVStgb1A=="
        }
      }
    },
    "rehype-minify-whitespace": {
      "version": "2.0.3",
      "resolved": "https://registry.npmjs.org/rehype-minify-whitespace/-/rehype-minify-whitespace-2.0.3.tgz",
      "integrity": "sha512-KzOH3F92J7Wvr3WuaqSO69FuN+vwbitVYxdSolLXrwLwdo67VXn/qSYGR7gnYDJKgfm/+m3l8hZHY43Zg+YscQ==",
      "requires": {
        "collapse-white-space": "1.0.3",
        "hast-util-embedded": "1.0.0",
        "hast-util-has-property": "1.0.0",
        "hast-util-is-body-ok-link": "1.0.1",
        "hast-util-is-element": "1.0.0",
        "html-whitespace-sensitive-tag-names": "1.0.0",
        "unist-util-is": "2.1.1",
        "unist-util-modify-children": "1.1.1"
      },
      "dependencies": {
        "array-iterate": {
          "version": "1.1.1",
          "resolved": "https://registry.npmjs.org/array-iterate/-/array-iterate-1.1.1.tgz",
          "integrity": "sha1-hlv3+K851rCYLGCQKRSsdrwBCPY="
        },
        "collapse-white-space": {
          "version": "1.0.3",
          "resolved": "https://registry.npmjs.org/collapse-white-space/-/collapse-white-space-1.0.3.tgz",
          "integrity": "sha1-S5BvZw5aljqHt2sOFolkM0G2Ajw="
        },
        "hast-util-embedded": {
          "version": "1.0.0",
          "resolved": "https://registry.npmjs.org/hast-util-embedded/-/hast-util-embedded-1.0.0.tgz",
          "integrity": "sha1-SdYRS0CTOp0L1wijsBI3jyzW6Gw=",
          "requires": {
            "hast-util-is-element": "1.0.0"
          }
        },
        "hast-util-has-property": {
          "version": "1.0.0",
          "resolved": "https://registry.npmjs.org/hast-util-has-property/-/hast-util-has-property-1.0.0.tgz",
          "integrity": "sha1-IR+df3ZAiYJEoz9dFvXF0YgMjkA="
        },
        "hast-util-is-body-ok-link": {
          "version": "1.0.1",
          "resolved": "https://registry.npmjs.org/hast-util-is-body-ok-link/-/hast-util-is-body-ok-link-1.0.1.tgz",
          "integrity": "sha512-qFDY0oz0lbc0DOcy61BSgJo+wi/ykFs4p95YjrtRP81eNfmBPs/Z0j4WLFmepJ6znfxLlRcPpic8FOdzCD5aKw==",
          "requires": {
            "hast-util-has-property": "1.0.0",
            "hast-util-is-element": "1.0.0"
          }
        },
        "hast-util-is-element": {
          "version": "1.0.0",
          "resolved": "https://registry.npmjs.org/hast-util-is-element/-/hast-util-is-element-1.0.0.tgz",
          "integrity": "sha1-P3IWl4sq4U2YdJh4eCZ18zvjzgA="
        },
        "html-whitespace-sensitive-tag-names": {
          "version": "1.0.0",
          "resolved": "https://registry.npmjs.org/html-whitespace-sensitive-tag-names/-/html-whitespace-sensitive-tag-names-1.0.0.tgz",
          "integrity": "sha1-/W7To9Yxzik0Gu/iao/qcg0636c="
        },
        "unist-util-is": {
          "version": "2.1.1",
          "resolved": "https://registry.npmjs.org/unist-util-is/-/unist-util-is-2.1.1.tgz",
          "integrity": "sha1-DDEmKeP5YMZukx6BLT2A53AQlHs="
        },
        "unist-util-modify-children": {
          "version": "1.1.1",
          "resolved": "https://registry.npmjs.org/unist-util-modify-children/-/unist-util-modify-children-1.1.1.tgz",
          "integrity": "sha1-ZtfmpEnm9nIguXarPLi166w55R0=",
          "requires": {
            "array-iterate": "1.1.1"
          }
        }
      }
    },
    "unified": {
      "version": "6.1.5",
      "resolved": "https://registry.npmjs.org/unified/-/unified-6.1.5.tgz",
      "integrity": "sha1-cWk3hyYhpjE15iztLzrGoGPG+4c=",
      "requires": {
        "bail": "1.0.2",
        "extend": "3.0.1",
        "is-plain-obj": "1.1.0",
        "trough": "1.0.1",
        "vfile": "2.2.0",
        "x-is-function": "1.0.4",
        "x-is-string": "0.1.0"
      },
      "dependencies": {
        "bail": {
          "version": "1.0.2",
          "resolved": "https://registry.npmjs.org/bail/-/bail-1.0.2.tgz",
          "integrity": "sha1-99bBcxYwqfnw1NNe0fli4gdKF2Q="
        },
        "extend": {
          "version": "3.0.1",
          "resolved": "https://registry.npmjs.org/extend/-/extend-3.0.1.tgz",
          "integrity": "sha1-p1Xqe8Gt/MWjHOfnYtuq3F5jZEQ="
        },
        "is-plain-obj": {
          "version": "1.1.0",
          "resolved": "https://registry.npmjs.org/is-plain-obj/-/is-plain-obj-1.1.0.tgz",
          "integrity": "sha1-caUMhCnfync8kqOQpKA7OfzVHT4="
        },
        "trough": {
          "version": "1.0.1",
          "resolved": "https://registry.npmjs.org/trough/-/trough-1.0.1.tgz",
          "integrity": "sha1-qf2LA5Swro//guBjOgo2zK1bX4Y="
        },
        "x-is-function": {
          "version": "1.0.4",
          "resolved": "https://registry.npmjs.org/x-is-function/-/x-is-function-1.0.4.tgz",
          "integrity": "sha1-XSlNw9Joy90GJYDgxd93o5HR+h4="
        },
        "x-is-string": {
          "version": "0.1.0",
          "resolved": "https://registry.npmjs.org/x-is-string/-/x-is-string-0.1.0.tgz",
          "integrity": "sha1-R0tQhlrzpJqcRlfwWs0UVFj3fYI="
        }
      }
    },
    "vfile": {
      "version": "2.2.0",
      "resolved": "https://registry.npmjs.org/vfile/-/vfile-2.2.0.tgz",
      "integrity": "sha1-zkek+zNZIrIz5TXbD32BIdj87U4=",
      "requires": {
        "is-buffer": "1.1.5",
        "replace-ext": "1.0.0",
        "unist-util-stringify-position": "1.1.1"
      },
      "dependencies": {
        "is-buffer": {
          "version": "1.1.5",
          "resolved": "https://registry.npmjs.org/is-buffer/-/is-buffer-1.1.5.tgz",
          "integrity": "sha1-Hzsm72E7IUuIy8ojzGwB2Hlh7sw="
        },
        "replace-ext": {
          "version": "1.0.0",
          "resolved": "https://registry.npmjs.org/replace-ext/-/replace-ext-1.0.0.tgz",
          "integrity": "sha1-3mMSg3P8v3w8z6TeWkgMRaZ5WOs="
        },
        "unist-util-stringify-position": {
          "version": "1.1.1",
          "resolved": "https://registry.npmjs.org/unist-util-stringify-position/-/unist-util-stringify-position-1.1.1.tgz",
          "integrity": "sha1-PMvcU2ee7W7PN3fdf14yKcG2qjw="
        }
      }
    }
  }
}
