# THIS IS AN AUTOGENERATED FILE. DO NOT EDIT THIS FILE DIRECTLY.
# yarn lockfile v1


babel-runtime@^6.23.0:
  version "6.26.0"
  resolved "https://registry.yarnpkg.com/babel-runtime/-/babel-runtime-6.26.0.tgz#965c7058668e82b55d7bfe04ff2337bc8b5647fe"
  dependencies:
    core-js "^2.4.0"
    regenerator-runtime "^0.11.0"

core-js@^2.4.0:
  version "2.5.1"
  resolved "https://registry.yarnpkg.com/core-js/-/core-js-2.5.1.tgz#ae6874dc66937789b80754ff5428df66819ca50b"

object-assign@^4.0.1:
  version "4.1.1"
  resolved "https://registry.yarnpkg.com/object-assign/-/object-assign-4.1.1.tgz#2109adc7965887cfc05cbbd442cac8bfbb360863"

regenerator-runtime@^0.11.0:
  version "0.11.0"
  resolved "https://registry.yarnpkg.com/regenerator-runtime/-/regenerator-runtime-0.11.0.tgz#7e54fe5b5ccd5d6624ea6255c3473be090b802e1"

unist-util-map@^1.0.3:
  version "1.0.3"
  resolved "https://registry.yarnpkg.com/unist-util-map/-/unist-util-map-1.0.3.tgz#26a913d7cddb3cd3e9a886d135d37a3d1f54e514"
  dependencies:
    object-assign "^4.0.1"
