{
  "requires": true,
  "lockfileVersion": 1,
  "dependencies": {
    "unist-util-transform": {
      "version": "1.0.3",
      "resolved": "https://registry.npmjs.org/unist-util-transform/-/unist-util-transform-1.0.3.tgz",
      "integrity": "sha1-gPlJ6xLPZH5+csWKoP869cnFBMA="
    },
    "unist-util-transform-group": {
      "version": "1.0.3",
      "resolved": "https://registry.npmjs.org/unist-util-transform-group/-/unist-util-transform-group-1.0.3.tgz",
      "integrity": "sha1-rG5CoVGi1ZK2FXC9vXtZXj615D8=",
      "requires": {
        "unist-util-transform": "1.0.3"
      }
    },
    "unist-util-transform-stack": {
      "version": "1.0.0",
      "resolved": "https://registry.npmjs.org/unist-util-transform-stack/-/unist-util-transform-stack-1.0.0.tgz",
      "integrity": "sha1-rNqQVu5OLTUABDqIjZgZKbkeMPA="
    }
  }
}
