# THIS IS AN AUTOGENERATED FILE. DO NOT EDIT THIS FILE DIRECTLY.
# yarn lockfile v1


unist-util-transform-group@^1.0.1:
  version "1.0.3"
  resolved "https://registry.yarnpkg.com/unist-util-transform-group/-/unist-util-transform-group-1.0.3.tgz#ac6e42a151a2d592b61570bdbd7b595e3eb5e43f"
  dependencies:
    unist-util-transform "^1.0.0"

unist-util-transform-stack@^1.0.0:
  version "1.0.0"
  resolved "https://registry.yarnpkg.com/unist-util-transform-stack/-/unist-util-transform-stack-1.0.0.tgz#acda9056ee4e2d3500043a888d981929b91e30f0"

unist-util-transform@^1.0.0, unist-util-transform@^1.0.1:
  version "1.0.3"
  resolved "https://registry.yarnpkg.com/unist-util-transform/-/unist-util-transform-1.0.3.tgz#80f949eb12cf647e7e72c58aa0ff3af5c9c504c0"
